PODS:
  - IQKeyboardManagerSwift (6.5.6)
  - MicrosoftCognitiveServicesSpeech-iOS (1.16.0)

DEPENDENCIES:
  - IQKeyboardManagerSwift
  - MicrosoftCognitiveServicesSpeech-iOS

SPEC REPOS:
  trunk:
    - IQKeyboardManagerSwift
    - MicrosoftCognitiveServicesSpeech-iOS

SPEC CHECKSUMS:
  IQKeyboardManagerSwift: c7df9d2deb356c04522f5c4b7b6e4ce4d8ed94fe
  MicrosoftCognitiveServicesSpeech-iOS: acff31a49614efdf4ea58729c190840468fd17e2

PODFILE CHECKSUM: aee4264293209c031cddb26a4de9e6e3b39506d0

COCOAPODS: 1.10.1
